github.com/k-1ganesh/utility v0.0.0-20250129080923-a9a8fb6e8679 h1:H+zLuYqxfBcVEEWz3+vlwLerpi8sYVYHtTtfQVxnvAU=
github.com/k-1ganesh/utility v0.0.0-20250129080923-a9a8fb6e8679/go.mod h1:GGcrXVO98Yy2pvmpEiIXW0gQlKcEQ/yR5Bkl/YRlzuA=
github.com/k-1ganesh/utility v0.0.0-20250129081316-108bde128467 h1:gij8rG2VOlEuGcI5WKSjLFQ6ndRVpUCnbjUHJ08+VFw=
github.com/k-1ganesh/utility v0.0.0-20250129081316-108bde128467/go.mod h1:GGcrXVO98Yy2pvmpEiIXW0gQlKcEQ/yR5Bkl/YRlzuA=
